
Microsoft Visual Studio Solution File, Format Version 12.00
# Visual Studio 15
VisualStudioVersion = 15.0.27130.2027
MinimumVisualStudioVersion = 10.0.40219.1
Project("{F184B08F-C81C-45F6-A57F-5ABD9991F28F}") = "MvcBasic", "MvcBasic\MvcBasic.vbproj", "{073FE5C8-E282-44C9-AD86-59BAEA875DF7}"
EndProject
Global
	GlobalSection(SolutionConfigurationPlatforms) = preSolution
		Debug|Any CPU = Debug|Any CPU
		Release|Any CPU = Release|Any CPU
	EndGlobalSection
	GlobalSection(ProjectConfigurationPlatforms) = postSolution
		{073FE5C8-E282-44C9-AD86-59BAEA875DF7}.Debug|Any CPU.ActiveCfg = Debug|Any CPU
		{073FE5C8-E282-44C9-AD86-59BAEA875DF7}.Debug|Any CPU.Build.0 = Debug|Any CPU
		{073FE5C8-E282-44C9-AD86-59BAEA875DF7}.Release|Any CPU.ActiveCfg = Release|Any CPU
		{073FE5C8-E282-44C9-AD86-59BAEA875DF7}.Release|Any CPU.Build.0 = Release|Any CPU
	EndGlobalSection
	GlobalSection(SolutionProperties) = preSolution
		HideSolutionNode = FALSE
	EndGlobalSection
	GlobalSection(ExtensibilityGlobals) = postSolution
		SolutionGuid = {DE600132-DEA5-4154-96F0-0B14E96DB2E2}
	EndGlobalSection
EndGlobal
